// !$*UTF8*$!
{
	archiveVersion = 1;
	classes = {
	};
	objectVersion = 45;
	objects = {

/* Begin PBXBuildFile section */
		1D3623260D0F684500981E51 /* MarisolAppDelegate.m in Sources */ = {isa = PBXBuildFile; fileRef = 1D3623250D0F684500981E51 /* MarisolAppDelegate.m */; };
		1D60589B0D05DD56006BFB54 /* main.m in Sources */ = {isa = PBXBuildFile; fileRef = 29B97316FDCFA39411CA2CEA /* main.m */; };
		1D60589F0D05DD5A006BFB54 /* Foundation.framework in Frameworks */ = {isa = PBXBuildFile; fileRef = 1D30AB110D05D00D00671497 /* Foundation.framework */; };
		1DF5F4E00D08C38300B7A737 /* UIKit.framework in Frameworks */ = {isa = PBXBuildFile; fileRef = 1DF5F4DF0D08C38300B7A737 /* UIKit.framework */; };
		288765FD0DF74451002DB57D /* CoreGraphics.framework in Frameworks */ = {isa = PBXBuildFile; fileRef = 288765FC0DF74451002DB57D /* CoreGraphics.framework */; };
		28AD733F0D9D9553002E5188 /* MainWindow.xib in Resources */ = {isa = PBXBuildFile; fileRef = 28AD733E0D9D9553002E5188 /* MainWindow.xib */; };
		5F15C332116B75A6001ED14A /* HomeViewController.m in Sources */ = {isa = PBXBuildFile; fileRef = 5F15C32D116B75A5001ED14A /* HomeViewController.m */; };
		5F15C333116B75A6001ED14A /* HomeViewController.xib in Resources */ = {isa = PBXBuildFile; fileRef = 5F15C32E116B75A6001ED14A /* HomeViewController.xib */; };
		5F15C334116B75A6001ED14A /* LoginViewController.m in Sources */ = {isa = PBXBuildFile; fileRef = 5F15C330116B75A6001ED14A /* LoginViewController.m */; };
		5F15C335116B75A6001ED14A /* LoginViewController.xib in Resources */ = {isa = PBXBuildFile; fileRef = 5F15C331116B75A6001ED14A /* LoginViewController.xib */; };
		5F15C350116B76CE001ED14A /* ConnectionHandler.m in Sources */ = {isa = PBXBuildFile; fileRef = 5F15C342116B76CE001ED14A /* ConnectionHandler.m */; };
		5F15C351116B76CE001ED14A /* Shipment.m in Sources */ = {isa = PBXBuildFile; fileRef = 5F15C344116B76CE001ED14A /* Shipment.m */; };
		5F15C352116B76CE001ED14A /* ShipmentDetailViewController.m in Sources */ = {isa = PBXBuildFile; fileRef = 5F15C346116B76CE001ED14A /* ShipmentDetailViewController.m */; };
		5F15C353116B76CE001ED14A /* ShipmentDetailViewController.xib in Resources */ = {isa = PBXBuildFile; fileRef = 5F15C347116B76CE001ED14A /* ShipmentDetailViewController.xib */; };
		5F15C354116B76CE001ED14A /* ShipmentListViewController.m in Sources */ = {isa = PBXBuildFile; fileRef = 5F15C349116B76CE001ED14A /* ShipmentListViewController.m */; };
		5F15C356116B76CE001ED14A /* weeklist.plist in Resources */ = {isa = PBXBuildFile; fileRef = 5F15C34B116B76CE001ED14A /* weeklist.plist */; };
		5F15C357116B76CE001ED14A /* WeekListViewController.m in Sources */ = {isa = PBXBuildFile; fileRef = 5F15C34D116B76CE001ED14A /* WeekListViewController.m */; };
		5F15C358116B76CE001ED14A /* XMLParseHandler.m in Sources */ = {isa = PBXBuildFile; fileRef = 5F15C34F116B76CE001ED14A /* XMLParseHandler.m */; };
		5F3E9482116A4332003C2BFD /* icon.png in Resources */ = {isa = PBXBuildFile; fileRef = 5F3E9481116A4332003C2BFD /* icon.png */; };
/* End PBXBuildFile section */

/* Begin PBXFileReference section */
		1D30AB110D05D00D00671497 /* Foundation.framework */ = {isa = PBXFileReference; lastKnownFileType = wrapper.framework; name = Foundation.framework; path = System/Library/Frameworks/Foundation.framework; sourceTree = SDKROOT; };
		1D3623240D0F684500981E51 /* MarisolAppDelegate.h */ = {isa = PBXFileReference; fileEncoding = 4; lastKnownFileType = sourcecode.c.h; path = MarisolAppDelegate.h; sourceTree = "<group>"; };
		1D3623250D0F684500981E51 /* MarisolAppDelegate.m */ = {isa = PBXFileReference; fileEncoding = 4; lastKnownFileType = sourcecode.c.objc; path = MarisolAppDelegate.m; sourceTree = "<group>"; };
		1D6058910D05DD3D006BFB54 /* Marisol.app */ = {isa = PBXFileReference; explicitFileType = wrapper.application; includeInIndex = 0; path = Marisol.app; sourceTree = BUILT_PRODUCTS_DIR; };
		1DF5F4DF0D08C38300B7A737 /* UIKit.framework */ = {isa = PBXFileReference; lastKnownFileType = wrapper.framework; name = UIKit.framework; path = System/Library/Frameworks/UIKit.framework; sourceTree = SDKROOT; };
		288765FC0DF74451002DB57D /* CoreGraphics.framework */ = {isa = PBXFileReference; lastKnownFileType = wrapper.framework; name = CoreGraphics.framework; path = System/Library/Frameworks/CoreGraphics.framework; sourceTree = SDKROOT; };
		28AD733E0D9D9553002E5188 /* MainWindow.xib */ = {isa = PBXFileReference; lastKnownFileType = file.xib; path = MainWindow.xib; sourceTree = "<group>"; };
		29B97316FDCFA39411CA2CEA /* main.m */ = {isa = PBXFileReference; fileEncoding = 4; lastKnownFileType = sourcecode.c.objc; path = main.m; sourceTree = "<group>"; };
		32CA4F630368D1EE00C91783 /* Marisol_Prefix.pch */ = {isa = PBXFileReference; fileEncoding = 4; lastKnownFileType = sourcecode.c.h; path = Marisol_Prefix.pch; sourceTree = "<group>"; };
		5F15C32C116B75A5001ED14A /* HomeViewController.h */ = {isa = PBXFileReference; fileEncoding = 4; lastKnownFileType = sourcecode.c.h; path = HomeViewController.h; sourceTree = "<group>"; };
		5F15C32D116B75A5001ED14A /* HomeViewController.m */ = {isa = PBXFileReference; fileEncoding = 4; lastKnownFileType = sourcecode.c.objc; path = HomeViewController.m; sourceTree = "<group>"; };
		5F15C32E116B75A6001ED14A /* HomeViewController.xib */ = {isa = PBXFileReference; lastKnownFileType = file.xib; name = HomeViewController.xib; path = Classes/HomeViewController.xib; sourceTree = "<group>"; };
		5F15C32F116B75A6001ED14A /* LoginViewController.h */ = {isa = PBXFileReference; fileEncoding = 4; lastKnownFileType = sourcecode.c.h; path = LoginViewController.h; sourceTree = "<group>"; };
		5F15C330116B75A6001ED14A /* LoginViewController.m */ = {isa = PBXFileReference; fileEncoding = 4; lastKnownFileType = sourcecode.c.objc; path = LoginViewController.m; sourceTree = "<group>"; };
		5F15C331116B75A6001ED14A /* LoginViewController.xib */ = {isa = PBXFileReference; lastKnownFileType = file.xib; name = LoginViewController.xib; path = Classes/LoginViewController.xib; sourceTree = "<group>"; };
		5F15C341116B76CE001ED14A /* ConnectionHandler.h */ = {isa = PBXFileReference; fileEncoding = 4; lastKnownFileType = sourcecode.c.h; path = ConnectionHandler.h; sourceTree = "<group>"; };
		5F15C342116B76CE001ED14A /* ConnectionHandler.m */ = {isa = PBXFileReference; fileEncoding = 4; lastKnownFileType = sourcecode.c.objc; path = ConnectionHandler.m; sourceTree = "<group>"; };
		5F15C343116B76CE001ED14A /* Shipment.h */ = {isa = PBXFileReference; fileEncoding = 4; lastKnownFileType = sourcecode.c.h; path = Shipment.h; sourceTree = "<group>"; };
		5F15C344116B76CE001ED14A /* Shipment.m */ = {isa = PBXFileReference; fileEncoding = 4; lastKnownFileType = sourcecode.c.objc; path = Shipment.m; sourceTree = "<group>"; };
		5F15C345116B76CE001ED14A /* ShipmentDetailViewController.h */ = {isa = PBXFileReference; fileEncoding = 4; lastKnownFileType = sourcecode.c.h; path = ShipmentDetailViewController.h; sourceTree = "<group>"; };
		5F15C346116B76CE001ED14A /* ShipmentDetailViewController.m */ = {isa = PBXFileReference; fileEncoding = 4; lastKnownFileType = sourcecode.c.objc; path = ShipmentDetailViewController.m; sourceTree = "<group>"; };
		5F15C347116B76CE001ED14A /* ShipmentDetailViewController.xib */ = {isa = PBXFileReference; lastKnownFileType = file.xib; name = ShipmentDetailViewController.xib; path = Classes/ShipmentDetailViewController.xib; sourceTree = "<group>"; };
		5F15C348116B76CE001ED14A /* ShipmentListViewController.h */ = {isa = PBXFileReference; fileEncoding = 4; lastKnownFileType = sourcecode.c.h; path = ShipmentListViewController.h; sourceTree = "<group>"; };
		5F15C349116B76CE001ED14A /* ShipmentListViewController.m */ = {isa = PBXFileReference; fileEncoding = 4; lastKnownFileType = sourcecode.c.objc; path = ShipmentListViewController.m; sourceTree = "<group>"; };
		5F15C34B116B76CE001ED14A /* weeklist.plist */ = {isa = PBXFileReference; fileEncoding = 4; lastKnownFileType = text.plist.xml; name = weeklist.plist; path = Classes/weeklist.plist; sourceTree = "<group>"; };
		5F15C34C116B76CE001ED14A /* WeekListViewController.h */ = {isa = PBXFileReference; fileEncoding = 4; lastKnownFileType = sourcecode.c.h; path = WeekListViewController.h; sourceTree = "<group>"; };
		5F15C34D116B76CE001ED14A /* WeekListViewController.m */ = {isa = PBXFileReference; fileEncoding = 4; lastKnownFileType = sourcecode.c.objc; path = WeekListViewController.m; sourceTree = "<group>"; };
		5F15C34E116B76CE001ED14A /* XMLParseHandler.h */ = {isa = PBXFileReference; fileEncoding = 4; lastKnownFileType = sourcecode.c.h; path = XMLParseHandler.h; sourceTree = "<group>"; };
		5F15C34F116B76CE001ED14A /* XMLParseHandler.m */ = {isa = PBXFileReference; fileEncoding = 4; lastKnownFileType = sourcecode.c.objc; path = XMLParseHandler.m; sourceTree = "<group>"; };
		5F3E9481116A4332003C2BFD /* icon.png */ = {isa = PBXFileReference; lastKnownFileType = image.png; path = icon.png; sourceTree = "<group>"; };
		8D1107310486CEB800E47090 /* Marisol-Info.plist */ = {isa = PBXFileReference; fileEncoding = 4; lastKnownFileType = text.plist.xml; path = "Marisol-Info.plist"; plistStructureDefinitionIdentifier = "com.apple.xcode.plist.structure-definition.iphone.info-plist"; sourceTree = "<group>"; };
/* End PBXFileReference section */

/* Begin PBXFrameworksBuildPhase section */
		1D60588F0D05DD3D006BFB54 /* Frameworks */ = {
			isa = PBXFrameworksBuildPhase;
			buildActionMask = 2147483647;
			files = (
				1D60589F0D05DD5A006BFB54 /* Foundation.framework in Frameworks */,
				1DF5F4E00D08C38300B7A737 /* UIKit.framework in Frameworks */,
				288765FD0DF74451002DB57D /* CoreGraphics.framework in Frameworks */,
			);
			runOnlyForDeploymentPostprocessing = 0;
		};
/* End PBXFrameworksBuildPhase section */

/* Begin PBXGroup section */
		080E96DDFE201D6D7F000001 /* Classes */ = {
			isa = PBXGroup;
			children = (
				5F3E9472116A42EB003C2BFD /* Headers */,
				5F3E9475116A42F2003C2BFD /* Implementations */,
			);
			path = Classes;
			sourceTree = "<group>";
		};
		19C28FACFE9D520D11CA2CBB /* Products */ = {
			isa = PBXGroup;
			children = (
				1D6058910D05DD3D006BFB54 /* Marisol.app */,
			);
			name = Products;
			sourceTree = "<group>";
		};
		29B97314FDCFA39411CA2CEA /* CustomTemplate */ = {
			isa = PBXGroup;
			children = (
				080E96DDFE201D6D7F000001 /* Classes */,
				29B97315FDCFA39411CA2CEA /* Other Sources */,
				29B97317FDCFA39411CA2CEA /* Resources */,
				29B97323FDCFA39411CA2CEA /* Frameworks */,
				19C28FACFE9D520D11CA2CBB /* Products */,
			);
			name = CustomTemplate;
			sourceTree = "<group>";
		};
		29B97315FDCFA39411CA2CEA /* Other Sources */ = {
			isa = PBXGroup;
			children = (
				32CA4F630368D1EE00C91783 /* Marisol_Prefix.pch */,
				29B97316FDCFA39411CA2CEA /* main.m */,
			);
			name = "Other Sources";
			sourceTree = "<group>";
		};
		29B97317FDCFA39411CA2CEA /* Resources */ = {
			isa = PBXGroup;
			children = (
				5F3E9476116A42FE003C2BFD /* NIBs */,
				5F3E9477116A4302003C2BFD /* Other */,
			);
			name = Resources;
			sourceTree = "<group>";
		};
		29B97323FDCFA39411CA2CEA /* Frameworks */ = {
			isa = PBXGroup;
			children = (
				1DF5F4DF0D08C38300B7A737 /* UIKit.framework */,
				1D30AB110D05D00D00671497 /* Foundation.framework */,
				288765FC0DF74451002DB57D /* CoreGraphics.framework */,
			);
			name = Frameworks;
			sourceTree = "<group>";
		};
		5F3E9472116A42EB003C2BFD /* Headers */ = {
			isa = PBXGroup;
			children = (
				1D3623240D0F684500981E51 /* MarisolAppDelegate.h */,
				5F15C32F116B75A6001ED14A /* LoginViewController.h */,
				5F15C32C116B75A5001ED14A /* HomeViewController.h */,
				5F15C34C116B76CE001ED14A /* WeekListViewController.h */,
				5F15C348116B76CE001ED14A /* ShipmentListViewController.h */,
				5F15C345116B76CE001ED14A /* ShipmentDetailViewController.h */,
				5F15C341116B76CE001ED14A /* ConnectionHandler.h */,
				5F15C34E116B76CE001ED14A /* XMLParseHandler.h */,
				5F15C343116B76CE001ED14A /* Shipment.h */,
			);
			name = Headers;
			sourceTree = "<group>";
		};
		5F3E9475116A42F2003C2BFD /* Implementations */ = {
			isa = PBXGroup;
			children = (
				1D3623250D0F684500981E51 /* MarisolAppDelegate.m */,
				5F15C330116B75A6001ED14A /* LoginViewController.m */,
				5F15C32D116B75A5001ED14A /* HomeViewController.m */,
				5F15C34D116B76CE001ED14A /* WeekListViewController.m */,
				5F15C349116B76CE001ED14A /* ShipmentListViewController.m */,
				5F15C346116B76CE001ED14A /* ShipmentDetailViewController.m */,
				5F15C342116B76CE001ED14A /* ConnectionHandler.m */,
				5F15C34F116B76CE001ED14A /* XMLParseHandler.m */,
				5F15C344116B76CE001ED14A /* Shipment.m */,
			);
			name = Implementations;
			sourceTree = "<group>";
		};
		5F3E9476116A42FE003C2BFD /* NIBs */ = {
			isa = PBXGroup;
			children = (
				28AD733E0D9D9553002E5188 /* MainWindow.xib */,
				5F15C331116B75A6001ED14A /* LoginViewController.xib */,
				5F15C32E116B75A6001ED14A /* HomeViewController.xib */,
				5F15C347116B76CE001ED14A /* ShipmentDetailViewController.xib */,
			);
			name = NIBs;
			sourceTree = "<group>";
		};
		5F3E9477116A4302003C2BFD /* Other */ = {
			isa = PBXGroup;
			children = (
				5F15C34B116B76CE001ED14A /* weeklist.plist */,
				5F3E9481116A4332003C2BFD /* icon.png */,
				8D1107310486CEB800E47090 /* Marisol-Info.plist */,
			);
			name = Other;
			sourceTree = "<group>";
		};
/* End PBXGroup section */

/* Begin PBXNativeTarget section */
		1D6058900D05DD3D006BFB54 /* Marisol */ = {
			isa = PBXNativeTarget;
			buildConfigurationList = 1D6058960D05DD3E006BFB54 /* Build configuration list for PBXNativeTarget "Marisol" */;
			buildPhases = (
				1D60588D0D05DD3D006BFB54 /* Resources */,
				1D60588E0D05DD3D006BFB54 /* Sources */,
				1D60588F0D05DD3D006BFB54 /* Frameworks */,
			);
			buildRules = (
			);
			dependencies = (
			);
			name = Marisol;
			productName = Marisol;
			productReference = 1D6058910D05DD3D006BFB54 /* Marisol.app */;
			productType = "com.apple.product-type.application";
		};
/* End PBXNativeTarget section */

/* Begin PBXProject section */
		29B97313FDCFA39411CA2CEA /* Project object */ = {
			isa = PBXProject;
			buildConfigurationList = C01FCF4E08A954540054247B /* Build configuration list for PBXProject "Marisol" */;
			compatibilityVersion = "Xcode 3.1";
			hasScannedForEncodings = 1;
			mainGroup = 29B97314FDCFA39411CA2CEA /* CustomTemplate */;
			projectDirPath = "";
			projectRoot = "";
			targets = (
				1D6058900D05DD3D006BFB54 /* Marisol */,
			);
		};
/* End PBXProject section */

/* Begin PBXResourcesBuildPhase section */
		1D60588D0D05DD3D006BFB54 /* Resources */ = {
			isa = PBXResourcesBuildPhase;
			buildActionMask = 2147483647;
			files = (
				28AD733F0D9D9553002E5188 /* MainWindow.xib in Resources */,
				5F3E9482116A4332003C2BFD /* icon.png in Resources */,
				5F15C333116B75A6001ED14A /* HomeViewController.xib in Resources */,
				5F15C335116B75A6001ED14A /* LoginViewController.xib in Resources */,
				5F15C353116B76CE001ED14A /* ShipmentDetailViewController.xib in Resources */,
				5F15C356116B76CE001ED14A /* weeklist.plist in Resources */,
			);
			runOnlyForDeploymentPostprocessing = 0;
		};
/* End PBXResourcesBuildPhase section */

/* Begin PBXSourcesBuildPhase section */
		1D60588E0D05DD3D006BFB54 /* Sources */ = {
			isa = PBXSourcesBuildPhase;
			buildActionMask = 2147483647;
			files = (
				1D60589B0D05DD56006BFB54 /* main.m in Sources */,
				1D3623260D0F684500981E51 /* MarisolAppDelegate.m in Sources */,
				5F15C332116B75A6001ED14A /* HomeViewController.m in Sources */,
				5F15C334116B75A6001ED14A /* LoginViewController.m in Sources */,
				5F15C350116B76CE001ED14A /* ConnectionHandler.m in Sources */,
				5F15C351116B76CE001ED14A /* Shipment.m in Sources */,
				5F15C352116B76CE001ED14A /* ShipmentDetailViewController.m in Sources */,
				5F15C354116B76CE001ED14A /* ShipmentListViewController.m in Sources */,
				5F15C357116B76CE001ED14A /* WeekListViewController.m in Sources */,
				5F15C358116B76CE001ED14A /* XMLParseHandler.m in Sources */,
			);
			runOnlyForDeploymentPostprocessing = 0;
		};
/* End PBXSourcesBuildPhase section */

/* Begin XCBuildConfiguration section */
		1D6058940D05DD3E006BFB54 /* Debug */ = {
			isa = XCBuildConfiguration;
			buildSettings = {
				ALWAYS_SEARCH_USER_PATHS = NO;
				COPY_PHASE_STRIP = NO;
				GCC_DYNAMIC_NO_PIC = NO;
				GCC_OPTIMIZATION_LEVEL = 0;
				GCC_PRECOMPILE_PREFIX_HEADER = YES;
				GCC_PREFIX_HEADER = Marisol_Prefix.pch;
				INFOPLIST_FILE = "Marisol-Info.plist";
				PRODUCT_NAME = Marisol;
			};
			name = Debug;
		};
		1D6058950D05DD3E006BFB54 /* Release */ = {
			isa = XCBuildConfiguration;
			buildSettings = {
				ALWAYS_SEARCH_USER_PATHS = NO;
				COPY_PHASE_STRIP = YES;
				GCC_PRECOMPILE_PREFIX_HEADER = YES;
				GCC_PREFIX_HEADER = Marisol_Prefix.pch;
				INFOPLIST_FILE = "Marisol-Info.plist";
				PRODUCT_NAME = Marisol;
				VALIDATE_PRODUCT = YES;
			};
			name = Release;
		};
		C01FCF4F08A954540054247B /* Debug */ = {
			isa = XCBuildConfiguration;
			buildSettings = {
				ARCHS = "$(ARCHS_STANDARD_32_BIT)";
				"CODE_SIGN_IDENTITY[sdk=iphoneos*]" = "iPhone Developer";
				GCC_C_LANGUAGE_STANDARD = c99;
				GCC_WARN_ABOUT_RETURN_TYPE = YES;
				GCC_WARN_UNUSED_VARIABLE = YES;
				PREBINDING = NO;
				SDKROOT = iphoneos3.0;
			};
			name = Debug;
		};
		C01FCF5008A954540054247B /* Release */ = {
			isa = XCBuildConfiguration;
			buildSettings = {
				ARCHS = "$(ARCHS_STANDARD_32_BIT)";
				"CODE_SIGN_IDENTITY[sdk=iphoneos*]" = "iPhone Developer";
				GCC_C_LANGUAGE_STANDARD = c99;
				GCC_WARN_ABOUT_RETURN_TYPE = YES;
				GCC_WARN_UNUSED_VARIABLE = YES;
				OTHER_CFLAGS = "-DNS_BLOCK_ASSERTIONS=1";
				PREBINDING = NO;
				SDKROOT = iphoneos3.1.3;
			};
			name = Release;
		};
/* End XCBuildConfiguration section */

/* Begin XCConfigurationList section */
		1D6058960D05DD3E006BFB54 /* Build configuration list for PBXNativeTarget "Marisol" */ = {
			isa = XCConfigurationList;
			buildConfigurations = (
				1D6058940D05DD3E006BFB54 /* Debug */,
				1D6058950D05DD3E006BFB54 /* Release */,
			);
			defaultConfigurationIsVisible = 0;
			defaultConfigurationName = Release;
		};
		C01FCF4E08A954540054247B /* Build configuration list for PBXProject "Marisol" */ = {
			isa = XCConfigurationList;
			buildConfigurations = (
				C01FCF4F08A954540054247B /* Debug */,
				C01FCF5008A954540054247B /* Release */,
			);
			defaultConfigurationIsVisible = 0;
			defaultConfigurationName = Release;
		};
/* End XCConfigurationList section */
	};
	rootObject = 29B97313FDCFA39411CA2CEA /* Project object */;
}
